<?xml version="1.0" encoding="utf-8"?>
<Project ToolsVersion="4.0" xmlns="http://schemas.microsoft.com/developer/msbuild/2003">
  <ItemGroup>
    <Filter Include="Source Files">
      <UniqueIdentifier>{4FC737F1-C7A5-4376-A066-2A32D752A2FF}</UniqueIdentifier>
      <Extensions>cpp;c;cc;cxx;def;odl;idl;hpj;bat;asm;asmx</Extensions>
    </Filter>
    <Filter Include="Header Files">
      <UniqueIdentifier>{93995380-89BD-4b04-88EB-625FBE52EBFB}</UniqueIdentifier>
      <Extensions>h;hpp;hxx;hm;inl;inc;xsd</Extensions>
    </Filter>
    <Filter Include="Resource Files">
      <UniqueIdentifier>{67DA6AB6-F800-4c08-8B7A-83BB121AAD01}</UniqueIdentifier>
      <Extensions>rc;ico;cur;bmp;dlg;rc2;rct;bin;rgs;gif;jpg;jpeg;jpe;resx;tiff;tif;png;wav</Extensions>
    </Filter>
    <Filter Include="Source Files\assets">
      <UniqueIdentifier>{e051ca09-ec36-4fbe-a87f-2fbee4bbed6e}</UniqueIdentifier>
    </Filter>
    <Filter Include="Source Files\assets\config">
      <UniqueIdentifier>{cfd06982-6bc1-4a26-b039-ad0d26934ad9}</UniqueIdentifier>
    </Filter>
    <Filter Include="Source Files\assets\shaders">
      <UniqueIdentifier>{270a2f77-fd89-4866-8c2a-e4e907126305}</UniqueIdentifier>
    </Filter>
    <Filter Include="Source Files\blocks">
      <UniqueIdentifier>{e19eecbd-2357-44de-a345-cfc72b02e744}</UniqueIdentifier>
    </Filter>
    <Filter Include="Source Files\blocks\Cinder-DSAPI">
      <UniqueIdentifier>{072a8981-2a00-4789-ac23-54ca6db95c1c}</UniqueIdentifier>
    </Filter>
  </ItemGroup>
  <ItemGroup>
    <ClCompile Include="..\src\MechBass2App.cpp">
      <Filter>Source Files</Filter>
    </ClCompile>
    <ClCompile Include="..\src\MechBass2App.cpp">
      <Filter>Source Files</Filter>
    </ClCompile>
    <ClInclude Include="..\include\Resources.h">
      <Filter>Header Files</Filter>
    </ClInclude>
    <ClCompile Include="..\blocks\Cinder-DSAPI\src\CiDSAPI.cpp">
      <Filter>Source Files\blocks\Cinder-DSAPI</Filter>
    </ClCompile>
  </ItemGroup>
  <ItemGroup>
    <ClInclude Include="..\include\Resources.h">
      <Filter>Header Files</Filter>
    </ClInclude>
    <ClInclude Include="..\src\MechBass2App.h">
      <Filter>Source Files</Filter>
    </ClInclude>
    <ClInclude Include="..\blocks\Cinder-DSAPI\src\CiDSAPI.h">
      <Filter>Source Files\blocks\Cinder-DSAPI</Filter>
    </ClInclude>
  </ItemGroup>
  <ItemGroup>
    <ResourceCompile Include="Resources.rc">
      <Filter>Resource Files</Filter>
    </ResourceCompile>
  </ItemGroup>
  <ItemGroup>
    <None Include="..\assets\config\hitbox_config.json">
      <Filter>Source Files\assets\config</Filter>
    </None>
    <None Include="..\assets\shaders\pointcloud.frag">
      <Filter>Source Files\assets\shaders</Filter>
    </None>
    <None Include="..\assets\shaders\pointcloud.vert">
      <Filter>Source Files\assets\shaders</Filter>
    </None>
    <None Include="..\assets\shaders\pointcloudhands.frag">
      <Filter>Source Files\assets\shaders</Filter>
    </None>
    <None Include="..\assets\shaders\pointcloudhands.vert">
      <Filter>Source Files\assets\shaders</Filter>
    </None>
    <None Include="..\assets\shaders\triggervolume.frag">
      <Filter>Source Files\assets\shaders</Filter>
    </None>
    <None Include="..\assets\shaders\triggervolume.vert">
      <Filter>Source Files\assets\shaders</Filter>
    </None>
  </ItemGroup>
</Project>